// !$*UTF8*$!
{
	archiveVersion = 1;
	classes = {
	};
	objectVersion = 50;
	objects = {

/* Begin PBXBuildFile section */
		0DFC32F1254ECFFF00C131F7 /* QuickCardApp.swift in Sources */ = {isa = PBXBuildFile; fileRef = 0DFC32F0254ECFFF00C131F7 /* QuickCardApp.swift */; };
		0DFC32F3254ECFFF00C131F7 /* ContentView.swift in Sources */ = {isa = PBXBuildFile; fileRef = 0DFC32F2254ECFFF00C131F7 /* ContentView.swift */; };
		0DFC32F5254ECFFF00C131F7 /* Assets.xcassets in Resources */ = {isa = PBXBuildFile; fileRef = 0DFC32F4254ECFFF00C131F7 /* Assets.xcassets */; };
		0DFC32F8254ECFFF00C131F7 /* Preview Assets.xcassets in Resources */ = {isa = PBXBuildFile; fileRef = 0DFC32F7254ECFFF00C131F7 /* Preview Assets.xcassets */; };
		0DFC3303254ECFFF00C131F7 /* QuickCardTests.swift in Sources */ = {isa = PBXBuildFile; fileRef = 0DFC3302254ECFFF00C131F7 /* QuickCardTests.swift */; };
		0DFC330E254ECFFF00C131F7 /* QuickCardUITests.swift in Sources */ = {isa = PBXBuildFile; fileRef = 0DFC330D254ECFFF00C131F7 /* QuickCardUITests.swift */; };
		0DFC331F254EDAF800C131F7 /* ImageLabelView.swift in Sources */ = {isa = PBXBuildFile; fileRef = 0DFC331E254EDAF800C131F7 /* ImageLabelView.swift */; };
/* End PBXBuildFile section */

/* Begin PBXContainerItemProxy section */
		0DFC32FF254ECFFF00C131F7 /* PBXContainerItemProxy */ = {
			isa = PBXContainerItemProxy;
			containerPortal = 0DFC32E5254ECFFF00C131F7 /* Project object */;
			proxyType = 1;
			remoteGlobalIDString = 0DFC32EC254ECFFF00C131F7;
			remoteInfo = QuickCard;
		};
		0DFC330A254ECFFF00C131F7 /* PBXContainerItemProxy */ = {
			isa = PBXContainerItemProxy;
			containerPortal = 0DFC32E5254ECFFF00C131F7 /* Project object */;
			proxyType = 1;
			remoteGlobalIDString = 0DFC32EC254ECFFF00C131F7;
			remoteInfo = QuickCard;
		};
/* End PBXContainerItemProxy section */

/* Begin PBXFileReference section */
		0DFC32ED254ECFFF00C131F7 /* QuickCard.app */ = {isa = PBXFileReference; explicitFileType = wrapper.application; includeInIndex = 0; path = QuickCard.app; sourceTree = BUILT_PRODUCTS_DIR; };
		0DFC32F0254ECFFF00C131F7 /* QuickCardApp.swift */ = {isa = PBXFileReference; lastKnownFileType = sourcecode.swift; path = QuickCardApp.swift; sourceTree = "<group>"; };
		0DFC32F2254ECFFF00C131F7 /* ContentView.swift */ = {isa = PBXFileReference; lastKnownFileType = sourcecode.swift; path = ContentView.swift; sourceTree = "<group>"; };
		0DFC32F4254ECFFF00C131F7 /* Assets.xcassets */ = {isa = PBXFileReference; lastKnownFileType = folder.assetcatalog; path = Assets.xcassets; sourceTree = "<group>"; };
		0DFC32F7254ECFFF00C131F7 /* Preview Assets.xcassets */ = {isa = PBXFileReference; lastKnownFileType = folder.assetcatalog; path = "Preview Assets.xcassets"; sourceTree = "<group>"; };
		0DFC32F9254ECFFF00C131F7 /* Info.plist */ = {isa = PBXFileReference; lastKnownFileType = text.plist.xml; path = Info.plist; sourceTree = "<group>"; };
		0DFC32FE254ECFFF00C131F7 /* QuickCardTests.xctest */ = {isa = PBXFileReference; explicitFileType = wrapper.cfbundle; includeInIndex = 0; path = QuickCardTests.xctest; sourceTree = BUILT_PRODUCTS_DIR; };
		0DFC3302254ECFFF00C131F7 /* QuickCardTests.swift */ = {isa = PBXFileReference; lastKnownFileType = sourcecode.swift; path = QuickCardTests.swift; sourceTree = "<group>"; };
		0DFC3304254ECFFF00C131F7 /* Info.plist */ = {isa = PBXFileReference; lastKnownFileType = text.plist.xml; path = Info.plist; sourceTree = "<group>"; };
		0DFC3309254ECFFF00C131F7 /* QuickCardUITests.xctest */ = {isa = PBXFileReference; explicitFileType = wrapper.cfbundle; includeInIndex = 0; path = QuickCardUITests.xctest; sourceTree = BUILT_PRODUCTS_DIR; };
		0DFC330D254ECFFF00C131F7 /* QuickCardUITests.swift */ = {isa = PBXFileReference; lastKnownFileType = sourcecode.swift; path = QuickCardUITests.swift; sourceTree = "<group>"; };
		0DFC330F254ECFFF00C131F7 /* Info.plist */ = {isa = PBXFileReference; lastKnownFileType = text.plist.xml; path = Info.plist; sourceTree = "<group>"; };
		0DFC331E254EDAF800C131F7 /* ImageLabelView.swift */ = {isa = PBXFileReference; lastKnownFileType = sourcecode.swift; path = ImageLabelView.swift; sourceTree = "<group>"; };
/* End PBXFileReference section */

/* Begin PBXFrameworksBuildPhase section */
		0DFC32EA254ECFFF00C131F7 /* Frameworks */ = {
			isa = PBXFrameworksBuildPhase;
			buildActionMask = 2147483647;
			files = (
			);
			runOnlyForDeploymentPostprocessing = 0;
		};
		0DFC32FB254ECFFF00C131F7 /* Frameworks */ = {
			isa = PBXFrameworksBuildPhase;
			buildActionMask = 2147483647;
			files = (
			);
			runOnlyForDeploymentPostprocessing = 0;
		};
		0DFC3306254ECFFF00C131F7 /* Frameworks */ = {
			isa = PBXFrameworksBuildPhase;
			buildActionMask = 2147483647;
			files = (
			);
			runOnlyForDeploymentPostprocessing = 0;
		};
/* End PBXFrameworksBuildPhase section */

/* Begin PBXGroup section */
		0DFC32E4254ECFFF00C131F7 = {
			isa = PBXGroup;
			children = (
				0DFC32EF254ECFFF00C131F7 /* QuickCard */,
				0DFC3301254ECFFF00C131F7 /* QuickCardTests */,
				0DFC330C254ECFFF00C131F7 /* QuickCardUITests */,
				0DFC32EE254ECFFF00C131F7 /* Products */,
			);
			sourceTree = "<group>";
		};
		0DFC32EE254ECFFF00C131F7 /* Products */ = {
			isa = PBXGroup;
			children = (
				0DFC32ED254ECFFF00C131F7 /* QuickCard.app */,
				0DFC32FE254ECFFF00C131F7 /* QuickCardTests.xctest */,
				0DFC3309254ECFFF00C131F7 /* QuickCardUITests.xctest */,
			);
			name = Products;
			sourceTree = "<group>";
		};
		0DFC32EF254ECFFF00C131F7 /* QuickCard */ = {
			isa = PBXGroup;
			children = (
				0DFC32F0254ECFFF00C131F7 /* QuickCardApp.swift */,
				0DFC32F2254ECFFF00C131F7 /* ContentView.swift */,
				0DFC32F4254ECFFF00C131F7 /* Assets.xcassets */,
				0DFC32F9254ECFFF00C131F7 /* Info.plist */,
				0DFC32F6254ECFFF00C131F7 /* Preview Content */,
				0DFC331E254EDAF800C131F7 /* ImageLabelView.swift */,
			);
			path = QuickCard;
			sourceTree = "<group>";
		};
		0DFC32F6254ECFFF00C131F7 /* Preview Content */ = {
			isa = PBXGroup;
			children = (
				0DFC32F7254ECFFF00C131F7 /* Preview Assets.xcassets */,
			);
			path = "Preview Content";
			sourceTree = "<group>";
		};
		0DFC3301254ECFFF00C131F7 /* QuickCardTests */ = {
			isa = PBXGroup;
			children = (
				0DFC3302254ECFFF00C131F7 /* QuickCardTests.swift */,
				0DFC3304254ECFFF00C131F7 /* Info.plist */,
			);
			path = QuickCardTests;
			sourceTree = "<group>";
		};
		0DFC330C254ECFFF00C131F7 /* QuickCardUITests */ = {
			isa = PBXGroup;
			children = (
				0DFC330D254ECFFF00C131F7 /* QuickCardUITests.swift */,
				0DFC330F254ECFFF00C131F7 /* Info.plist */,
			);
			path = QuickCardUITests;
			sourceTree = "<group>";
		};
/* End PBXGroup section */

/* Begin PBXNativeTarget section */
		0DFC32EC254ECFFF00C131F7 /* QuickCard */ = {
			isa = PBXNativeTarget;
			buildConfigurationList = 0DFC3312254ECFFF00C131F7 /* Build configuration list for PBXNativeTarget "QuickCard" */;
			buildPhases = (
				0DFC32E9254ECFFF00C131F7 /* Sources */,
				0DFC32EA254ECFFF00C131F7 /* Frameworks */,
				0DFC32EB254ECFFF00C131F7 /* Resources */,
			);
			buildRules = (
			);
			dependencies = (
			);
			name = QuickCard;
			productName = QuickCard;
			productReference = 0DFC32ED254ECFFF00C131F7 /* QuickCard.app */;
			productType = "com.apple.product-type.application";
		};
		0DFC32FD254ECFFF00C131F7 /* QuickCardTests */ = {
			isa = PBXNativeTarget;
			buildConfigurationList = 0DFC3315254ECFFF00C131F7 /* Build configuration list for PBXNativeTarget "QuickCardTests" */;
			buildPhases = (
				0DFC32FA254ECFFF00C131F7 /* Sources */,
				0DFC32FB254ECFFF00C131F7 /* Frameworks */,
				0DFC32FC254ECFFF00C131F7 /* Resources */,
			);
			buildRules = (
			);
			dependencies = (
				0DFC3300254ECFFF00C131F7 /* PBXTargetDependency */,
			);
			name = QuickCardTests;
			productName = QuickCardTests;
			productReference = 0DFC32FE254ECFFF00C131F7 /* QuickCardTests.xctest */;
			productType = "com.apple.product-type.bundle.unit-test";
		};
		0DFC3308254ECFFF00C131F7 /* QuickCardUITests */ = {
			isa = PBXNativeTarget;
			buildConfigurationList = 0DFC3318254ECFFF00C131F7 /* Build configuration list for PBXNativeTarget "QuickCardUITests" */;
			buildPhases = (
				0DFC3305254ECFFF00C131F7 /* Sources */,
				0DFC3306254ECFFF00C131F7 /* Frameworks */,
				0DFC3307254ECFFF00C131F7 /* Resources */,
			);
			buildRules = (
			);
			dependencies = (
				0DFC330B254ECFFF00C131F7 /* PBXTargetDependency */,
			);
			name = QuickCardUITests;
			productName = QuickCardUITests;
			productReference = 0DFC3309254ECFFF00C131F7 /* QuickCardUITests.xctest */;
			productType = "com.apple.product-type.bundle.ui-testing";
		};
/* End PBXNativeTarget section */

/* Begin PBXProject section */
		0DFC32E5254ECFFF00C131F7 /* Project object */ = {
			isa = PBXProject;
			attributes = {
				LastSwiftUpdateCheck = 1210;
				LastUpgradeCheck = 1210;
				TargetAttributes = {
					0DFC32EC254ECFFF00C131F7 = {
						CreatedOnToolsVersion = 12.1;
					};
					0DFC32FD254ECFFF00C131F7 = {
						CreatedOnToolsVersion = 12.1;
						TestTargetID = 0DFC32EC254ECFFF00C131F7;
					};
					0DFC3308254ECFFF00C131F7 = {
						CreatedOnToolsVersion = 12.1;
						TestTargetID = 0DFC32EC254ECFFF00C131F7;
					};
				};
			};
			buildConfigurationList = 0DFC32E8254ECFFF00C131F7 /* Build configuration list for PBXProject "QuickCard" */;
			compatibilityVersion = "Xcode 9.3";
			developmentRegion = en;
			hasScannedForEncodings = 0;
			knownRegions = (
				en,
				Base,
			);
			mainGroup = 0DFC32E4254ECFFF00C131F7;
			productRefGroup = 0DFC32EE254ECFFF00C131F7 /* Products */;
			projectDirPath = "";
			projectRoot = "";
			targets = (
				0DFC32EC254ECFFF00C131F7 /* QuickCard */,
				0DFC32FD254ECFFF00C131F7 /* QuickCardTests */,
				0DFC3308254ECFFF00C131F7 /* QuickCardUITests */,
			);
		};
/* End PBXProject section */

/* Begin PBXResourcesBuildPhase section */
		0DFC32EB254ECFFF00C131F7 /* Resources */ = {
			isa = PBXResourcesBuildPhase;
			buildActionMask = 2147483647;
			files = (
				0DFC32F8254ECFFF00C131F7 /* Preview Assets.xcassets in Resources */,
				0DFC32F5254ECFFF00C131F7 /* Assets.xcassets in Resources */,
			);
			runOnlyForDeploymentPostprocessing = 0;
		};
		0DFC32FC254ECFFF00C131F7 /* Resources */ = {
			isa = PBXResourcesBuildPhase;
			buildActionMask = 2147483647;
			files = (
			);
			runOnlyForDeploymentPostprocessing = 0;
		};
		0DFC3307254ECFFF00C131F7 /* Resources */ = {
			isa = PBXResourcesBuildPhase;
			buildActionMask = 2147483647;
			files = (
			);
			runOnlyForDeploymentPostprocessing = 0;
		};
/* End PBXResourcesBuildPhase section */

/* Begin PBXSourcesBuildPhase section */
		0DFC32E9254ECFFF00C131F7 /* Sources */ = {
			isa = PBXSourcesBuildPhase;
			buildActionMask = 2147483647;
			files = (
				0DFC331F254EDAF800C131F7 /* ImageLabelView.swift in Sources */,
				0DFC32F3254ECFFF00C131F7 /* ContentView.swift in Sources */,
				0DFC32F1254ECFFF00C131F7 /* QuickCardApp.swift in Sources */,
			);
			runOnlyForDeploymentPostprocessing = 0;
		};
		0DFC32FA254ECFFF00C131F7 /* Sources */ = {
			isa = PBXSourcesBuildPhase;
			buildActionMask = 2147483647;
			files = (
				0DFC3303254ECFFF00C131F7 /* QuickCardTests.swift in Sources */,
			);
			runOnlyForDeploymentPostprocessing = 0;
		};
		0DFC3305254ECFFF00C131F7 /* Sources */ = {
			isa = PBXSourcesBuildPhase;
			buildActionMask = 2147483647;
			files = (
				0DFC330E254ECFFF00C131F7 /* QuickCardUITests.swift in Sources */,
			);
			runOnlyForDeploymentPostprocessing = 0;
		};
/* End PBXSourcesBuildPhase section */

/* Begin PBXTargetDependency section */
		0DFC3300254ECFFF00C131F7 /* PBXTargetDependency */ = {
			isa = PBXTargetDependency;
			target = 0DFC32EC254ECFFF00C131F7 /* QuickCard */;
			targetProxy = 0DFC32FF254ECFFF00C131F7 /* PBXContainerItemProxy */;
		};
		0DFC330B254ECFFF00C131F7 /* PBXTargetDependency */ = {
			isa = PBXTargetDependency;
			target = 0DFC32EC254ECFFF00C131F7 /* QuickCard */;
			targetProxy = 0DFC330A254ECFFF00C131F7 /* PBXContainerItemProxy */;
		};
/* End PBXTargetDependency section */

/* Begin XCBuildConfiguration section */
		0DFC3310254ECFFF00C131F7 /* Debug */ = {
			isa = XCBuildConfiguration;
			buildSettings = {
				ALWAYS_SEARCH_USER_PATHS = NO;
				CLANG_ANALYZER_NONNULL = YES;
				CLANG_ANALYZER_NUMBER_OBJECT_CONVERSION = YES_AGGRESSIVE;
				CLANG_CXX_LANGUAGE_STANDARD = "gnu++14";
				CLANG_CXX_LIBRARY = "libc++";
				CLANG_ENABLE_MODULES = YES;
				CLANG_ENABLE_OBJC_ARC = YES;
				CLANG_ENABLE_OBJC_WEAK = YES;
				CLANG_WARN_BLOCK_CAPTURE_AUTORELEASING = YES;
				CLANG_WARN_BOOL_CONVERSION = YES;
				CLANG_WARN_COMMA = YES;
				CLANG_WARN_CONSTANT_CONVERSION = YES;
				CLANG_WARN_DEPRECATED_OBJC_IMPLEMENTATIONS = YES;
				CLANG_WARN_DIRECT_OBJC_ISA_USAGE = YES_ERROR;
				CLANG_WARN_DOCUMENTATION_COMMENTS = YES;
				CLANG_WARN_EMPTY_BODY = YES;
				CLANG_WARN_ENUM_CONVERSION = YES;
				CLANG_WARN_INFINITE_RECURSION = YES;
				CLANG_WARN_INT_CONVERSION = YES;
				CLANG_WARN_NON_LITERAL_NULL_CONVERSION = YES;
				CLANG_WARN_OBJC_IMPLICIT_RETAIN_SELF = YES;
				CLANG_WARN_OBJC_LITERAL_CONVERSION = YES;
				CLANG_WARN_OBJC_ROOT_CLASS = YES_ERROR;
				CLANG_WARN_QUOTED_INCLUDE_IN_FRAMEWORK_HEADER = YES;
				CLANG_WARN_RANGE_LOOP_ANALYSIS = YES;
				CLANG_WARN_STRICT_PROTOTYPES = YES;
				CLANG_WARN_SUSPICIOUS_MOVE = YES;
				CLANG_WARN_UNGUARDED_AVAILABILITY = YES_AGGRESSIVE;
				CLANG_WARN_UNREACHABLE_CODE = YES;
				CLANG_WARN__DUPLICATE_METHOD_MATCH = YES;
				COPY_PHASE_STRIP = NO;
				DEBUG_INFORMATION_FORMAT = dwarf;
				ENABLE_STRICT_OBJC_MSGSEND = YES;
				ENABLE_TESTABILITY = YES;
				GCC_C_LANGUAGE_STANDARD = gnu11;
				GCC_DYNAMIC_NO_PIC = NO;
				GCC_NO_COMMON_BLOCKS = YES;
				GCC_OPTIMIZATION_LEVEL = 0;
				GCC_PREPROCESSOR_DEFINITIONS = (
					"DEBUG=1",
					"$(inherited)",
				);
				GCC_WARN_64_TO_32_BIT_CONVERSION = YES;
				GCC_WARN_ABOUT_RETURN_TYPE = YES_ERROR;
				GCC_WARN_UNDECLARED_SELECTOR = YES;
				GCC_WARN_UNINITIALIZED_AUTOS = YES_AGGRESSIVE;
				GCC_WARN_UNUSED_FUNCTION = YES;
				GCC_WARN_UNUSED_VARIABLE = YES;
				IPHONEOS_DEPLOYMENT_TARGET = 14.1;
				MTL_ENABLE_DEBUG_INFO = INCLUDE_SOURCE;
				MTL_FAST_MATH = YES;
				ONLY_ACTIVE_ARCH = YES;
				SDKROOT = iphoneos;
				SWIFT_ACTIVE_COMPILATION_CONDITIONS = DEBUG;
				SWIFT_OPTIMIZATION_LEVEL = "-Onone";
			};
			name = Debug;
		};
		0DFC3311254ECFFF00C131F7 /* Release */ = {
			isa = XCBuildConfiguration;
			buildSettings = {
				ALWAYS_SEARCH_USER_PATHS = NO;
				CLANG_ANALYZER_NONNULL = YES;
				CLANG_ANALYZER_NUMBER_OBJECT_CONVERSION = YES_AGGRESSIVE;
				CLANG_CXX_LANGUAGE_STANDARD = "gnu++14";
				CLANG_CXX_LIBRARY = "libc++";
				CLANG_ENABLE_MODULES = YES;
				CLANG_ENABLE_OBJC_ARC = YES;
				CLANG_ENABLE_OBJC_WEAK = YES;
				CLANG_WARN_BLOCK_CAPTURE_AUTORELEASING = YES;
				CLANG_WARN_BOOL_CONVERSION = YES;
				CLANG_WARN_COMMA = YES;
				CLANG_WARN_CONSTANT_CONVERSION = YES;
				CLANG_WARN_DEPRECATED_OBJC_IMPLEMENTATIONS = YES;
				CLANG_WARN_DIRECT_OBJC_ISA_USAGE = YES_ERROR;
				CLANG_WARN_DOCUMENTATION_COMMENTS = YES;
				CLANG_WARN_EMPTY_BODY = YES;
				CLANG_WARN_ENUM_CONVERSION = YES;
				CLANG_WARN_INFINITE_RECURSION = YES;
				CLANG_WARN_INT_CONVERSION = YES;
				CLANG_WARN_NON_LITERAL_NULL_CONVERSION = YES;
				CLANG_WARN_OBJC_IMPLICIT_RETAIN_SELF = YES;
				CLANG_WARN_OBJC_LITERAL_CONVERSION = YES;
				CLANG_WARN_OBJC_ROOT_CLASS = YES_ERROR;
				CLANG_WARN_QUOTED_INCLUDE_IN_FRAMEWORK_HEADER = YES;
				CLANG_WARN_RANGE_LOOP_ANALYSIS = YES;
				CLANG_WARN_STRICT_PROTOTYPES = YES;
				CLANG_WARN_SUSPICIOUS_MOVE = YES;
				CLANG_WARN_UNGUARDED_AVAILABILITY = YES_AGGRESSIVE;
				CLANG_WARN_UNREACHABLE_CODE = YES;
				CLANG_WARN__DUPLICATE_METHOD_MATCH = YES;
				COPY_PHASE_STRIP = NO;
				DEBUG_INFORMATION_FORMAT = "dwarf-with-dsym";
				ENABLE_NS_ASSERTIONS = NO;
				ENABLE_STRICT_OBJC_MSGSEND = YES;
				GCC_C_LANGUAGE_STANDARD = gnu11;
				GCC_NO_COMMON_BLOCKS = YES;
				GCC_WARN_64_TO_32_BIT_CONVERSION = YES;
				GCC_WARN_ABOUT_RETURN_TYPE = YES_ERROR;
				GCC_WARN_UNDECLARED_SELECTOR = YES;
				GCC_WARN_UNINITIALIZED_AUTOS = YES_AGGRESSIVE;
				GCC_WARN_UNUSED_FUNCTION = YES;
				GCC_WARN_UNUSED_VARIABLE = YES;
				IPHONEOS_DEPLOYMENT_TARGET = 14.1;
				MTL_ENABLE_DEBUG_INFO = NO;
				MTL_FAST_MATH = YES;
				SDKROOT = iphoneos;
				SWIFT_COMPILATION_MODE = wholemodule;
				SWIFT_OPTIMIZATION_LEVEL = "-O";
				VALIDATE_PRODUCT = YES;
			};
			name = Release;
		};
		0DFC3313254ECFFF00C131F7 /* Debug */ = {
			isa = XCBuildConfiguration;
			buildSettings = {
				ASSETCATALOG_COMPILER_APPICON_NAME = AppIcon;
				ASSETCATALOG_COMPILER_GLOBAL_ACCENT_COLOR_NAME = AccentColor;
				CODE_SIGN_STYLE = Automatic;
				DEVELOPMENT_ASSET_PATHS = "\"QuickCard/Preview Content\"";
				ENABLE_PREVIEWS = YES;
				INFOPLIST_FILE = QuickCard/Info.plist;
				IPHONEOS_DEPLOYMENT_TARGET = 14.0;
				LD_RUNPATH_SEARCH_PATHS = (
					"$(inherited)",
					"@executable_path/Frameworks",
				);
				PRODUCT_BUNDLE_IDENTIFIER = com.daferpi.QuickCard;
				PRODUCT_NAME = "$(TARGET_NAME)";
				SWIFT_VERSION = 5.0;
				TARGETED_DEVICE_FAMILY = "1,2";
			};
			name = Debug;
		};
		0DFC3314254ECFFF00C131F7 /* Release */ = {
			isa = XCBuildConfiguration;
			buildSettings = {
				ASSETCATALOG_COMPILER_APPICON_NAME = AppIcon;
				ASSETCATALOG_COMPILER_GLOBAL_ACCENT_COLOR_NAME = AccentColor;
				CODE_SIGN_STYLE = Automatic;
				DEVELOPMENT_ASSET_PATHS = "\"QuickCard/Preview Content\"";
				ENABLE_PREVIEWS = YES;
				INFOPLIST_FILE = QuickCard/Info.plist;
				IPHONEOS_DEPLOYMENT_TARGET = 14.0;
				LD_RUNPATH_SEARCH_PATHS = (
					"$(inherited)",
					"@executable_path/Frameworks",
				);
				PRODUCT_BUNDLE_IDENTIFIER = com.daferpi.QuickCard;
				PRODUCT_NAME = "$(TARGET_NAME)";
				SWIFT_VERSION = 5.0;
				TARGETED_DEVICE_FAMILY = "1,2";
			};
			name = Release;
		};
		0DFC3316254ECFFF00C131F7 /* Debug */ = {
			isa = XCBuildConfiguration;
			buildSettings = {
				ALWAYS_EMBED_SWIFT_STANDARD_LIBRARIES = YES;
				BUNDLE_LOADER = "$(TEST_HOST)";
				CODE_SIGN_STYLE = Automatic;
				INFOPLIST_FILE = QuickCardTests/Info.plist;
				IPHONEOS_DEPLOYMENT_TARGET = 14.0;
				LD_RUNPATH_SEARCH_PATHS = (
					"$(inherited)",
					"@executable_path/Frameworks",
					"@loader_path/Frameworks",
				);
				PRODUCT_BUNDLE_IDENTIFIER = com.daferpi.QuickCardTests;
				PRODUCT_NAME = "$(TARGET_NAME)";
				SWIFT_VERSION = 5.0;
				TARGETED_DEVICE_FAMILY = "1,2";
				TEST_HOST = "$(BUILT_PRODUCTS_DIR)/QuickCard.app/QuickCard";
			};
			name = Debug;
		};
		0DFC3317254ECFFF00C131F7 /* Release */ = {
			isa = XCBuildConfiguration;
			buildSettings = {
				ALWAYS_EMBED_SWIFT_STANDARD_LIBRARIES = YES;
				BUNDLE_LOADER = "$(TEST_HOST)";
				CODE_SIGN_STYLE = Automatic;
				INFOPLIST_FILE = QuickCardTests/Info.plist;
				IPHONEOS_DEPLOYMENT_TARGET = 14.0;
				LD_RUNPATH_SEARCH_PATHS = (
					"$(inherited)",
					"@executable_path/Frameworks",
					"@loader_path/Frameworks",
				);
				PRODUCT_BUNDLE_IDENTIFIER = com.daferpi.QuickCardTests;
				PRODUCT_NAME = "$(TARGET_NAME)";
				SWIFT_VERSION = 5.0;
				TARGETED_DEVICE_FAMILY = "1,2";
				TEST_HOST = "$(BUILT_PRODUCTS_DIR)/QuickCard.app/QuickCard";
			};
			name = Release;
		};
		0DFC3319254ECFFF00C131F7 /* Debug */ = {
			isa = XCBuildConfiguration;
			buildSettings = {
				ALWAYS_EMBED_SWIFT_STANDARD_LIBRARIES = YES;
				CODE_SIGN_STYLE = Automatic;
				INFOPLIST_FILE = QuickCardUITests/Info.plist;
				LD_RUNPATH_SEARCH_PATHS = (
					"$(inherited)",
					"@executable_path/Frameworks",
					"@loader_path/Frameworks",
				);
				PRODUCT_BUNDLE_IDENTIFIER = com.daferpi.QuickCardUITests;
				PRODUCT_NAME = "$(TARGET_NAME)";
				SWIFT_VERSION = 5.0;
				TARGETED_DEVICE_FAMILY = "1,2";
				TEST_TARGET_NAME = QuickCard;
			};
			name = Debug;
		};
		0DFC331A254ECFFF00C131F7 /* Release */ = {
			isa = XCBuildConfiguration;
			buildSettings = {
				ALWAYS_EMBED_SWIFT_STANDARD_LIBRARIES = YES;
				CODE_SIGN_STYLE = Automatic;
				INFOPLIST_FILE = QuickCardUITests/Info.plist;
				LD_RUNPATH_SEARCH_PATHS = (
					"$(inherited)",
					"@executable_path/Frameworks",
					"@loader_path/Frameworks",
				);
				PRODUCT_BUNDLE_IDENTIFIER = com.daferpi.QuickCardUITests;
				PRODUCT_NAME = "$(TARGET_NAME)";
				SWIFT_VERSION = 5.0;
				TARGETED_DEVICE_FAMILY = "1,2";
				TEST_TARGET_NAME = QuickCard;
			};
			name = Release;
		};
/* End XCBuildConfiguration section */

/* Begin XCConfigurationList section */
		0DFC32E8254ECFFF00C131F7 /* Build configuration list for PBXProject "QuickCard" */ = {
			isa = XCConfigurationList;
			buildConfigurations = (
				0DFC3310254ECFFF00C131F7 /* Debug */,
				0DFC3311254ECFFF00C131F7 /* Release */,
			);
			defaultConfigurationIsVisible = 0;
			defaultConfigurationName = Release;
		};
		0DFC3312254ECFFF00C131F7 /* Build configuration list for PBXNativeTarget "QuickCard" */ = {
			isa = XCConfigurationList;
			buildConfigurations = (
				0DFC3313254ECFFF00C131F7 /* Debug */,
				0DFC3314254ECFFF00C131F7 /* Release */,
			);
			defaultConfigurationIsVisible = 0;
			defaultConfigurationName = Release;
		};
		0DFC3315254ECFFF00C131F7 /* Build configuration list for PBXNativeTarget "QuickCardTests" */ = {
			isa = XCConfigurationList;
			buildConfigurations = (
				0DFC3316254ECFFF00C131F7 /* Debug */,
				0DFC3317254ECFFF00C131F7 /* Release */,
			);
			defaultConfigurationIsVisible = 0;
			defaultConfigurationName = Release;
		};
		0DFC3318254ECFFF00C131F7 /* Build configuration list for PBXNativeTarget "QuickCardUITests" */ = {
			isa = XCConfigurationList;
			buildConfigurations = (
				0DFC3319254ECFFF00C131F7 /* Debug */,
				0DFC331A254ECFFF00C131F7 /* Release */,
			);
			defaultConfigurationIsVisible = 0;
			defaultConfigurationName = Release;
		};
/* End XCConfigurationList section */
	};
	rootObject = 0DFC32E5254ECFFF00C131F7 /* Project object */;
}
